
Microsoft Visual Studio Solution File, Format Version 12.00
# Visual Studio 15
VisualStudioVersion = 15.0.27130.2024
MinimumVisualStudioVersion = 10.0.40219.1
Project("{FAE04EC0-301F-11D3-BF4B-00C04F79EFBC}") = "ScanCongel", "ScanCongel\ScanCongel.csproj", "{1EB605CF-BA1E-488D-8DCC-E3DBC0C69175}"
EndProject
Global
	GlobalSection(SolutionConfigurationPlatforms) = preSolution
		Debug|Any CPU = Debug|Any CPU
		Release|Any CPU = Release|Any CPU
	EndGlobalSection
	GlobalSection(ProjectConfigurationPlatforms) = postSolution
		{1EB605CF-BA1E-488D-8DCC-E3DBC0C69175}.Debug|Any CPU.ActiveCfg = Debug|Any CPU
		{1EB605CF-BA1E-488D-8DCC-E3DBC0C69175}.Debug|Any CPU.Build.0 = Debug|Any CPU
		{1EB605CF-BA1E-488D-8DCC-E3DBC0C69175}.Release|Any CPU.ActiveCfg = Release|Any CPU
		{1EB605CF-BA1E-488D-8DCC-E3DBC0C69175}.Release|Any CPU.Build.0 = Release|Any CPU
	EndGlobalSection
	GlobalSection(SolutionProperties) = preSolution
		HideSolutionNode = FALSE
	EndGlobalSection
	GlobalSection(ExtensibilityGlobals) = postSolution
		SolutionGuid = {A86ABD25-8021-4931-B000-8B16FB8A9696}
	EndGlobalSection
EndGlobal
